
Microsoft Visual Studio Solution File, Format Version 12.00
# Visual Studio Version 17
VisualStudioVersion = 17.7.34031.279
MinimumVisualStudioVersion = 10.0.40219.1
Project("{9A19103F-16F7-4668-BE54-9A1E7A4F7556}") = "SharpHoundCommonLib", "src\CommonLib\SharpHoundCommonLib.csproj", "{88EB8B09-EB8A-4E59-BBF7-CA5374DFA9EB}"
EndProject
Project("{9A19103F-16F7-4668-BE54-9A1E7A4F7556}") = "CommonLibTest", "test\unit\CommonLibTest.csproj", "{F1E060CB-58D0-42A7-9BBC-E08C6FD5DD43}"
EndProject
Project("{9A19103F-16F7-4668-BE54-9A1E7A4F7556}") = "Docfx", "docfx\Docfx.csproj", "{BD8C7EB8-F357-4499-8C08-76B42F600076}"
EndProject
Project("{9A19103F-16F7-4668-BE54-9A1E7A4F7556}") = "Sharphound", "..\SharpHound\Sharphound.csproj", "{BC6D0850-0DCB-4F5D-85BD-22906E680CB5}"
EndProject
Global
	GlobalSection(SolutionConfigurationPlatforms) = preSolution
		Debug|Any CPU = Debug|Any CPU
		Release|Any CPU = Release|Any CPU
	EndGlobalSection
	GlobalSection(ProjectConfigurationPlatforms) = postSolution
		{88EB8B09-EB8A-4E59-BBF7-CA5374DFA9EB}.Debug|Any CPU.ActiveCfg = Debug|Any CPU
		{88EB8B09-EB8A-4E59-BBF7-CA5374DFA9EB}.Debug|Any CPU.Build.0 = Debug|Any CPU
		{88EB8B09-EB8A-4E59-BBF7-CA5374DFA9EB}.Release|Any CPU.ActiveCfg = Release|Any CPU
		{88EB8B09-EB8A-4E59-BBF7-CA5374DFA9EB}.Release|Any CPU.Build.0 = Release|Any CPU
		{F1E060CB-58D0-42A7-9BBC-E08C6FD5DD43}.Debug|Any CPU.ActiveCfg = Debug|Any CPU
		{F1E060CB-58D0-42A7-9BBC-E08C6FD5DD43}.Debug|Any CPU.Build.0 = Debug|Any CPU
		{F1E060CB-58D0-42A7-9BBC-E08C6FD5DD43}.Release|Any CPU.ActiveCfg = Release|Any CPU
		{F1E060CB-58D0-42A7-9BBC-E08C6FD5DD43}.Release|Any CPU.Build.0 = Release|Any CPU
		{BD8C7EB8-F357-4499-8C08-76B42F600076}.Debug|Any CPU.ActiveCfg = Debug|Any CPU
		{BD8C7EB8-F357-4499-8C08-76B42F600076}.Debug|Any CPU.Build.0 = Debug|Any CPU
		{BD8C7EB8-F357-4499-8C08-76B42F600076}.Release|Any CPU.ActiveCfg = Release|Any CPU
		{BD8C7EB8-F357-4499-8C08-76B42F600076}.Release|Any CPU.Build.0 = Release|Any CPU
		{BC6D0850-0DCB-4F5D-85BD-22906E680CB5}.Debug|Any CPU.ActiveCfg = Debug|Any CPU
		{BC6D0850-0DCB-4F5D-85BD-22906E680CB5}.Debug|Any CPU.Build.0 = Debug|Any CPU
		{BC6D0850-0DCB-4F5D-85BD-22906E680CB5}.Release|Any CPU.ActiveCfg = Release|Any CPU
		{BC6D0850-0DCB-4F5D-85BD-22906E680CB5}.Release|Any CPU.Build.0 = Release|Any CPU
	EndGlobalSection
	GlobalSection(SolutionProperties) = preSolution
		HideSolutionNode = FALSE
	EndGlobalSection
EndGlobal
